
Microsoft Visual Studio Solution File, Format Version 12.00
# Visual Studio 2015
Project("{FAE04EC0-301F-11D3-BF4B-00C04F79EFBC}") = "Name.CSharp.Plugins", "Name.CSharp.Plugins.csproj", "{888F0C03-9798-3157-9A17-AA8214A7B3F2}"
EndProject
Project("{FAE04EC0-301F-11D3-BF4B-00C04F79EFBC}") = "Name.CSharp.Editor", "Name.CSharp.Editor.csproj", "{F7E4B56A-4B3E-B832-8F23-D8B37F6BA63C}"
EndProject
Global
	GlobalSection(SolutionConfigurationPlatforms) = preSolution
		Debug|Any CPU = Debug|Any CPU
		Release|Any CPU = Release|Any CPU
	EndGlobalSection
	GlobalSection(ProjectConfigurationPlatforms) = postSolution
		{888F0C03-9798-3157-9A17-AA8214A7B3F2}.Debug|Any CPU.ActiveCfg = Debug|Any CPU
		{888F0C03-9798-3157-9A17-AA8214A7B3F2}.Debug|Any CPU.Build.0 = Debug|Any CPU
		{888F0C03-9798-3157-9A17-AA8214A7B3F2}.Release|Any CPU.ActiveCfg = Release|Any CPU
		{888F0C03-9798-3157-9A17-AA8214A7B3F2}.Release|Any CPU.Build.0 = Release|Any CPU
		{F7E4B56A-4B3E-B832-8F23-D8B37F6BA63C}.Debug|Any CPU.ActiveCfg = Debug|Any CPU
		{F7E4B56A-4B3E-B832-8F23-D8B37F6BA63C}.Debug|Any CPU.Build.0 = Debug|Any CPU
		{F7E4B56A-4B3E-B832-8F23-D8B37F6BA63C}.Release|Any CPU.ActiveCfg = Release|Any CPU
		{F7E4B56A-4B3E-B832-8F23-D8B37F6BA63C}.Release|Any CPU.Build.0 = Release|Any CPU
	EndGlobalSection
	GlobalSection(SolutionProperties) = preSolution
		HideSolutionNode = FALSE
	EndGlobalSection
EndGlobal
